
Microsoft Visual Studio Solution File, Format Version 12.00
# Visual Studio Version 16
VisualStudioVersion = 16.0.31410.357
MinimumVisualStudioVersion = 10.0.40219.1
Project("{FAE04EC0-301F-11D3-BF4B-00C04F79EFBC}") = "Дървесина", "Дървесина\Дървесина.csproj", "{9327C10B-48C9-450E-B304-4680FAE6A7FF}"
EndProject
Global
	GlobalSection(SolutionConfigurationPlatforms) = preSolution
		Debug|Any CPU = Debug|Any CPU
		Release|Any CPU = Release|Any CPU
	EndGlobalSection
	GlobalSection(ProjectConfigurationPlatforms) = postSolution
		{9327C10B-48C9-450E-B304-4680FAE6A7FF}.Debug|Any CPU.ActiveCfg = Debug|Any CPU
		{9327C10B-48C9-450E-B304-4680FAE6A7FF}.Debug|Any CPU.Build.0 = Debug|Any CPU
		{9327C10B-48C9-450E-B304-4680FAE6A7FF}.Release|Any CPU.ActiveCfg = Release|Any CPU
		{9327C10B-48C9-450E-B304-4680FAE6A7FF}.Release|Any CPU.Build.0 = Release|Any CPU
	EndGlobalSection
	GlobalSection(SolutionProperties) = preSolution
		HideSolutionNode = FALSE
	EndGlobalSection
	GlobalSection(ExtensibilityGlobals) = postSolution
		SolutionGuid = {23D3DB7E-BF19-4F9B-89EC-47E31418B80D}
	EndGlobalSection
EndGlobal
